
Microsoft Visual Studio Solution File, Format Version 12.00
# Visual Studio Version 17
VisualStudioVersion = 17.13.35825.156 d17.13
MinimumVisualStudioVersion = 10.0.40219.1
Project("{FAE04EC0-301F-11D3-BF4B-00C04F79EFBC}") = "KawaiiList", "KawaiiList\KawaiiList.csproj", "{EC7BF5AC-438F-4618-9956-3C19DD84A6CD}"
EndProject
Global
	GlobalSection(SolutionConfigurationPlatforms) = preSolution
		Debug|Any CPU = Debug|Any CPU
		Release|Any CPU = Release|Any CPU
	EndGlobalSection
	GlobalSection(ProjectConfigurationPlatforms) = postSolution
		{EC7BF5AC-438F-4618-9956-3C19DD84A6CD}.Debug|Any CPU.ActiveCfg = Debug|Any CPU
		{EC7BF5AC-438F-4618-9956-3C19DD84A6CD}.Debug|Any CPU.Build.0 = Debug|Any CPU
		{EC7BF5AC-438F-4618-9956-3C19DD84A6CD}.Release|Any CPU.ActiveCfg = Release|Any CPU
		{EC7BF5AC-438F-4618-9956-3C19DD84A6CD}.Release|Any CPU.Build.0 = Release|Any CPU
	EndGlobalSection
	GlobalSection(SolutionProperties) = preSolution
		HideSolutionNode = FALSE
	EndGlobalSection
	GlobalSection(ExtensibilityGlobals) = postSolution
		SolutionGuid = {3611BB05-924B-425C-898A-CE577154EF40}
	EndGlobalSection
EndGlobal
